
Microsoft Visual Studio Solution File, Format Version 12.00
# Visual Studio 15
VisualStudioVersion = 15.0.27130.2024
MinimumVisualStudioVersion = 10.0.40219.1
Project("{8BC9CEB8-8B4A-11D0-8D11-00A0C91BC942}") = "abci", "abci.vcxproj", "{08361722-5520-47AC-A0C2-31E8A062B73F}"
EndProject
Project("{8BC9CEB8-8B4A-11D0-8D11-00A0C91BC942}") = "setup", "setup.vcxproj", "{1C5DE91B-7AE9-4304-9FA1-0DE1ABA8C02D}"
EndProject
Global
	GlobalSection(SolutionConfigurationPlatforms) = preSolution
		Debug|Win32 = Debug|Win32
		Debug|x64 = Debug|x64
		Master|Win32 = Master|Win32
		Master|x64 = Master|x64
	EndGlobalSection
	GlobalSection(ProjectConfigurationPlatforms) = postSolution
		{08361722-5520-47AC-A0C2-31E8A062B73F}.Debug|Win32.ActiveCfg = Debug|Win32
		{08361722-5520-47AC-A0C2-31E8A062B73F}.Debug|Win32.Build.0 = Debug|Win32
		{08361722-5520-47AC-A0C2-31E8A062B73F}.Debug|x64.ActiveCfg = Debug|x64
		{08361722-5520-47AC-A0C2-31E8A062B73F}.Debug|x64.Build.0 = Debug|x64
		{08361722-5520-47AC-A0C2-31E8A062B73F}.Master|Win32.ActiveCfg = Master|Win32
		{08361722-5520-47AC-A0C2-31E8A062B73F}.Master|Win32.Build.0 = Master|Win32
		{08361722-5520-47AC-A0C2-31E8A062B73F}.Master|Win32.Deploy.0 = Master|Win32
		{08361722-5520-47AC-A0C2-31E8A062B73F}.Master|x64.ActiveCfg = Master|x64
		{08361722-5520-47AC-A0C2-31E8A062B73F}.Master|x64.Build.0 = Master|x64
		{08361722-5520-47AC-A0C2-31E8A062B73F}.Master|x64.Deploy.0 = Master|x64
		{1C5DE91B-7AE9-4304-9FA1-0DE1ABA8C02D}.Debug|Win32.ActiveCfg = Debug|Win32
		{1C5DE91B-7AE9-4304-9FA1-0DE1ABA8C02D}.Debug|Win32.Build.0 = Debug|Win32
		{1C5DE91B-7AE9-4304-9FA1-0DE1ABA8C02D}.Debug|x64.ActiveCfg = Debug|x64
		{1C5DE91B-7AE9-4304-9FA1-0DE1ABA8C02D}.Debug|x64.Build.0 = Debug|x64
		{1C5DE91B-7AE9-4304-9FA1-0DE1ABA8C02D}.Master|Win32.ActiveCfg = Master|Win32
		{1C5DE91B-7AE9-4304-9FA1-0DE1ABA8C02D}.Master|x64.ActiveCfg = Master|x64
		{1C5DE91B-7AE9-4304-9FA1-0DE1ABA8C02D}.Master|x64.Build.0 = Master|x64
	EndGlobalSection
	GlobalSection(SolutionProperties) = preSolution
		HideSolutionNode = FALSE
	EndGlobalSection
	GlobalSection(ExtensibilityGlobals) = postSolution
		SolutionGuid = {4ECFD9A2-D956-437E-8532-D22EC9E5662D}
	EndGlobalSection
EndGlobal
