<?xml version="1.0" encoding="utf-8"?>
<Project ToolsVersion="4.0" xmlns="http://schemas.microsoft.com/developer/msbuild/2003">
  <ItemGroup>
    <ClCompile Include="pch.cpp" />
    <ClCompile Include="AlembicImporter.cpp" />
    <ClCompile Include="aiContext.cpp" />
    <ClCompile Include="aiGeometry.cpp" />
  </ItemGroup>
  <ItemGroup>
    <ClInclude Include="pch.h" />
    <ClInclude Include="AlembicImporter.h" />
    <ClInclude Include="aiContext.h" />
    <ClInclude Include="aiGeometry.h" />
  </ItemGroup>
</Project>