
Microsoft Visual Studio Solution File, Format Version 12.00
# Visual Studio 14
VisualStudioVersion = 14.0.24720.0
MinimumVisualStudioVersion = 10.0.40219.1
Project("{8BC9CEB8-8B4A-11D0-8D11-00A0C91BC942}") = "AlembicImporter", "AlembicImporter.vcxproj", "{08361722-5520-47AC-A0C2-31E8A062B73F}"
EndProject
Project("{8BC9CEB8-8B4A-11D0-8D11-00A0C91BC942}") = "AlembicExporter", "AlembicExporter.vcxproj", "{35E1C482-1AEE-4AAE-BBE9-0309CB84F321}"
EndProject
Project("{2150E333-8FDC-42A3-9474-1A3956D46DE8}") = "Tools", "Tools", "{AAFAB54A-D125-4047-AC51-0B688A56BD96}"
EndProject
Project("{8BC9CEB8-8B4A-11D0-8D11-00A0C91BC942}") = "PointsRandomizer", "Tools\PointsRandomizer.vcxproj", "{AD022B67-4DBD-463E-A165-AEAE482AC97D}"
EndProject
Project("{8BC9CEB8-8B4A-11D0-8D11-00A0C91BC942}") = "MeshTriangulator", "Tools\MeshTriangulator.vcxproj", "{A1B2ECAC-2BC0-4B24-A231-EFD8D226DC08}"
EndProject
Global
	GlobalSection(SolutionConfigurationPlatforms) = preSolution
		Debug|Win32 = Debug|Win32
		Debug|x64 = Debug|x64
		Master|Win32 = Master|Win32
		Master|x64 = Master|x64
		MasterToolsExe|Win32 = MasterToolsExe|Win32
		MasterToolsExe|x64 = MasterToolsExe|x64
		Release|Win32 = Release|Win32
		Release|x64 = Release|x64
	EndGlobalSection
	GlobalSection(ProjectConfigurationPlatforms) = postSolution
		{08361722-5520-47AC-A0C2-31E8A062B73F}.Debug|Win32.ActiveCfg = Debug|Win32
		{08361722-5520-47AC-A0C2-31E8A062B73F}.Debug|Win32.Build.0 = Debug|Win32
		{08361722-5520-47AC-A0C2-31E8A062B73F}.Debug|x64.ActiveCfg = Debug|x64
		{08361722-5520-47AC-A0C2-31E8A062B73F}.Debug|x64.Build.0 = Debug|x64
		{08361722-5520-47AC-A0C2-31E8A062B73F}.Master|Win32.ActiveCfg = Master|Win32
		{08361722-5520-47AC-A0C2-31E8A062B73F}.Master|Win32.Build.0 = Master|Win32
		{08361722-5520-47AC-A0C2-31E8A062B73F}.Master|x64.ActiveCfg = Master|x64
		{08361722-5520-47AC-A0C2-31E8A062B73F}.Master|x64.Build.0 = Master|x64
		{08361722-5520-47AC-A0C2-31E8A062B73F}.MasterToolsExe|Win32.ActiveCfg = Master|Win32
		{08361722-5520-47AC-A0C2-31E8A062B73F}.MasterToolsExe|Win32.Build.0 = Master|Win32
		{08361722-5520-47AC-A0C2-31E8A062B73F}.MasterToolsExe|x64.ActiveCfg = Master|x64
		{08361722-5520-47AC-A0C2-31E8A062B73F}.MasterToolsExe|x64.Build.0 = Master|x64
		{08361722-5520-47AC-A0C2-31E8A062B73F}.Release|Win32.ActiveCfg = Release|Win32
		{08361722-5520-47AC-A0C2-31E8A062B73F}.Release|Win32.Build.0 = Release|Win32
		{08361722-5520-47AC-A0C2-31E8A062B73F}.Release|x64.ActiveCfg = Release|x64
		{08361722-5520-47AC-A0C2-31E8A062B73F}.Release|x64.Build.0 = Release|x64
		{35E1C482-1AEE-4AAE-BBE9-0309CB84F321}.Debug|Win32.ActiveCfg = Debug|Win32
		{35E1C482-1AEE-4AAE-BBE9-0309CB84F321}.Debug|Win32.Build.0 = Debug|Win32
		{35E1C482-1AEE-4AAE-BBE9-0309CB84F321}.Debug|x64.ActiveCfg = Debug|x64
		{35E1C482-1AEE-4AAE-BBE9-0309CB84F321}.Debug|x64.Build.0 = Debug|x64
		{35E1C482-1AEE-4AAE-BBE9-0309CB84F321}.Master|Win32.ActiveCfg = Master|Win32
		{35E1C482-1AEE-4AAE-BBE9-0309CB84F321}.Master|Win32.Build.0 = Master|Win32
		{35E1C482-1AEE-4AAE-BBE9-0309CB84F321}.Master|x64.ActiveCfg = Master|x64
		{35E1C482-1AEE-4AAE-BBE9-0309CB84F321}.Master|x64.Build.0 = Master|x64
		{35E1C482-1AEE-4AAE-BBE9-0309CB84F321}.MasterToolsExe|Win32.ActiveCfg = Master|Win32
		{35E1C482-1AEE-4AAE-BBE9-0309CB84F321}.MasterToolsExe|Win32.Build.0 = Master|Win32
		{35E1C482-1AEE-4AAE-BBE9-0309CB84F321}.MasterToolsExe|x64.ActiveCfg = Master|x64
		{35E1C482-1AEE-4AAE-BBE9-0309CB84F321}.MasterToolsExe|x64.Build.0 = Master|x64
		{35E1C482-1AEE-4AAE-BBE9-0309CB84F321}.Release|Win32.ActiveCfg = Release|Win32
		{35E1C482-1AEE-4AAE-BBE9-0309CB84F321}.Release|Win32.Build.0 = Release|Win32
		{35E1C482-1AEE-4AAE-BBE9-0309CB84F321}.Release|x64.ActiveCfg = Release|x64
		{35E1C482-1AEE-4AAE-BBE9-0309CB84F321}.Release|x64.Build.0 = Release|x64
		{AD022B67-4DBD-463E-A165-AEAE482AC97D}.Debug|Win32.ActiveCfg = Debug|Win32
		{AD022B67-4DBD-463E-A165-AEAE482AC97D}.Debug|Win32.Build.0 = Debug|Win32
		{AD022B67-4DBD-463E-A165-AEAE482AC97D}.Debug|x64.ActiveCfg = Debug|x64
		{AD022B67-4DBD-463E-A165-AEAE482AC97D}.Debug|x64.Build.0 = Debug|x64
		{AD022B67-4DBD-463E-A165-AEAE482AC97D}.Master|Win32.ActiveCfg = MasterEXE|Win32
		{AD022B67-4DBD-463E-A165-AEAE482AC97D}.Master|Win32.Build.0 = MasterEXE|Win32
		{AD022B67-4DBD-463E-A165-AEAE482AC97D}.Master|x64.ActiveCfg = MasterDLL|x64
		{AD022B67-4DBD-463E-A165-AEAE482AC97D}.Master|x64.Build.0 = MasterDLL|x64
		{AD022B67-4DBD-463E-A165-AEAE482AC97D}.MasterToolsExe|Win32.ActiveCfg = MasterEXE|Win32
		{AD022B67-4DBD-463E-A165-AEAE482AC97D}.MasterToolsExe|Win32.Build.0 = MasterEXE|Win32
		{AD022B67-4DBD-463E-A165-AEAE482AC97D}.MasterToolsExe|x64.ActiveCfg = MasterEXE|x64
		{AD022B67-4DBD-463E-A165-AEAE482AC97D}.MasterToolsExe|x64.Build.0 = MasterEXE|x64
		{AD022B67-4DBD-463E-A165-AEAE482AC97D}.Release|Win32.ActiveCfg = Release|Win32
		{AD022B67-4DBD-463E-A165-AEAE482AC97D}.Release|Win32.Build.0 = Release|Win32
		{AD022B67-4DBD-463E-A165-AEAE482AC97D}.Release|x64.ActiveCfg = Release|x64
		{AD022B67-4DBD-463E-A165-AEAE482AC97D}.Release|x64.Build.0 = Release|x64
		{A1B2ECAC-2BC0-4B24-A231-EFD8D226DC08}.Debug|Win32.ActiveCfg = Debug|Win32
		{A1B2ECAC-2BC0-4B24-A231-EFD8D226DC08}.Debug|Win32.Build.0 = Debug|Win32
		{A1B2ECAC-2BC0-4B24-A231-EFD8D226DC08}.Debug|x64.ActiveCfg = Debug|x64
		{A1B2ECAC-2BC0-4B24-A231-EFD8D226DC08}.Debug|x64.Build.0 = Debug|x64
		{A1B2ECAC-2BC0-4B24-A231-EFD8D226DC08}.Master|Win32.ActiveCfg = MasterEXE|Win32
		{A1B2ECAC-2BC0-4B24-A231-EFD8D226DC08}.Master|Win32.Build.0 = MasterEXE|Win32
		{A1B2ECAC-2BC0-4B24-A231-EFD8D226DC08}.Master|x64.ActiveCfg = MasterDLL|x64
		{A1B2ECAC-2BC0-4B24-A231-EFD8D226DC08}.Master|x64.Build.0 = MasterDLL|x64
		{A1B2ECAC-2BC0-4B24-A231-EFD8D226DC08}.MasterToolsExe|Win32.ActiveCfg = MasterEXE|Win32
		{A1B2ECAC-2BC0-4B24-A231-EFD8D226DC08}.MasterToolsExe|Win32.Build.0 = MasterEXE|Win32
		{A1B2ECAC-2BC0-4B24-A231-EFD8D226DC08}.MasterToolsExe|x64.ActiveCfg = MasterEXE|x64
		{A1B2ECAC-2BC0-4B24-A231-EFD8D226DC08}.MasterToolsExe|x64.Build.0 = MasterEXE|x64
		{A1B2ECAC-2BC0-4B24-A231-EFD8D226DC08}.Release|Win32.ActiveCfg = Release|Win32
		{A1B2ECAC-2BC0-4B24-A231-EFD8D226DC08}.Release|Win32.Build.0 = Release|Win32
		{A1B2ECAC-2BC0-4B24-A231-EFD8D226DC08}.Release|x64.ActiveCfg = Release|x64
		{A1B2ECAC-2BC0-4B24-A231-EFD8D226DC08}.Release|x64.Build.0 = Release|x64
	EndGlobalSection
	GlobalSection(SolutionProperties) = preSolution
		HideSolutionNode = FALSE
	EndGlobalSection
	GlobalSection(NestedProjects) = preSolution
		{AD022B67-4DBD-463E-A165-AEAE482AC97D} = {AAFAB54A-D125-4047-AC51-0B688A56BD96}
		{A1B2ECAC-2BC0-4B24-A231-EFD8D226DC08} = {AAFAB54A-D125-4047-AC51-0B688A56BD96}
	EndGlobalSection
EndGlobal
