<?xml version="1.0" encoding="utf-8"?>
<Project ToolsVersion="4.0" xmlns="http://schemas.microsoft.com/developer/msbuild/2003">
  <ItemGroup>
    <ClCompile Include="pch.cpp" />
    <ClCompile Include="AlembicImporter.cpp" />
    <ClCompile Include="aiContext.cpp" />
    <ClCompile Include="aiObject.cpp" />
    <ClCompile Include="aiThreadPool.cpp" />
    <ClCompile Include="GraphicsDevice\aiGraphicsDeviceD3D11.cpp">
      <Filter>GraphicsDevice</Filter>
    </ClCompile>
    <ClCompile Include="GraphicsDevice\aiGraphicsDeviceOpenGL.cpp">
      <Filter>GraphicsDevice</Filter>
    </ClCompile>
    <ClCompile Include="GraphicsDevice\aiGraphicsDevice.cpp">
      <Filter>GraphicsDevice</Filter>
    </ClCompile>
    <ClCompile Include="Schema\aiXForm.cpp">
      <Filter>Schema</Filter>
    </ClCompile>
    <ClCompile Include="Schema\aiCamera.cpp">
      <Filter>Schema</Filter>
    </ClCompile>
    <ClCompile Include="Schema\aiPolyMesh.cpp">
      <Filter>Schema</Filter>
    </ClCompile>
    <ClCompile Include="Schema\aiSchema.cpp">
      <Filter>Schema</Filter>
    </ClCompile>
    <ClCompile Include="aiLogger.cpp" />
    <ClCompile Include="Schema\aiPoints.cpp">
      <Filter>Schema</Filter>
    </ClCompile>
  </ItemGroup>
  <ItemGroup>
    <ClInclude Include="pch.h" />
    <ClInclude Include="AlembicImporter.h" />
    <ClInclude Include="aiContext.h" />
    <ClInclude Include="aiObject.h" />
    <ClInclude Include="aiThreadPool.h" />
    <ClInclude Include="GraphicsDevice\aiGraphicsDevice.h">
      <Filter>GraphicsDevice</Filter>
    </ClInclude>
    <ClInclude Include="Schema\aiXForm.h">
      <Filter>Schema</Filter>
    </ClInclude>
    <ClInclude Include="Schema\aiCamera.h">
      <Filter>Schema</Filter>
    </ClInclude>
    <ClInclude Include="Schema\aiPolyMesh.h">
      <Filter>Schema</Filter>
    </ClInclude>
    <ClInclude Include="Schema\aiSchema.h">
      <Filter>Schema</Filter>
    </ClInclude>
    <ClInclude Include="Schema\aiPoints.h">
      <Filter>Schema</Filter>
    </ClInclude>
  </ItemGroup>
  <ItemGroup>
    <Filter Include="GraphicsDevice">
      <UniqueIdentifier>{a0e5e438-2063-4574-b032-d8b71c7d8d73}</UniqueIdentifier>
    </Filter>
    <Filter Include="Schema">
      <UniqueIdentifier>{919b6ca2-710c-4894-80de-d94f28f3c0ef}</UniqueIdentifier>
    </Filter>
  </ItemGroup>
</Project>