<?xml version="1.0" encoding="utf-8"?>
<Project ToolsVersion="4.0" xmlns="http://schemas.microsoft.com/developer/msbuild/2003">
  <ItemGroup>
    <ClCompile Include="pch.cpp" />
    <ClCompile Include="GraphicsDevice\aiGraphicsDeviceD3D11.cpp">
      <Filter>GraphicsDevice</Filter>
    </ClCompile>
    <ClCompile Include="GraphicsDevice\aiGraphicsDeviceOpenGL.cpp">
      <Filter>GraphicsDevice</Filter>
    </ClCompile>
    <ClCompile Include="GraphicsDevice\aiGraphicsDevice.cpp">
      <Filter>GraphicsDevice</Filter>
    </ClCompile>
    <ClCompile Include="Foundation\aiLogger.cpp">
      <Filter>Foundation</Filter>
    </ClCompile>
    <ClCompile Include="Foundation\aiThreadPool.cpp">
      <Filter>Foundation</Filter>
    </ClCompile>
    <ClCompile Include="Importer\aiPolyMesh.cpp">
      <Filter>Importer</Filter>
    </ClCompile>
    <ClCompile Include="Importer\aiSchema.cpp">
      <Filter>Importer</Filter>
    </ClCompile>
    <ClCompile Include="Importer\aiXForm.cpp">
      <Filter>Importer</Filter>
    </ClCompile>
    <ClCompile Include="Importer\AlembicImporter.cpp">
      <Filter>Importer</Filter>
    </ClCompile>
    <ClCompile Include="Importer\aiCamera.cpp">
      <Filter>Importer</Filter>
    </ClCompile>
    <ClCompile Include="Importer\aiContext.cpp">
      <Filter>Importer</Filter>
    </ClCompile>
    <ClCompile Include="Importer\aiObject.cpp">
      <Filter>Importer</Filter>
    </ClCompile>
    <ClCompile Include="Importer\aiPoints.cpp">
      <Filter>Importer</Filter>
    </ClCompile>
    <ClCompile Include="Importer\aiProperty.cpp">
      <Filter>Importer</Filter>
    </ClCompile>
  </ItemGroup>
  <ItemGroup>
    <ClInclude Include="pch.h" />
    <ClInclude Include="GraphicsDevice\aiGraphicsDevice.h">
      <Filter>GraphicsDevice</Filter>
    </ClInclude>
    <ClInclude Include="Foundation\aiThreadPool.h">
      <Filter>Foundation</Filter>
    </ClInclude>
    <ClInclude Include="Foundation\aiLogger.h">
      <Filter>Foundation</Filter>
    </ClInclude>
    <ClInclude Include="Importer\aiPolyMesh.h">
      <Filter>Importer</Filter>
    </ClInclude>
    <ClInclude Include="Importer\aiSchema.h">
      <Filter>Importer</Filter>
    </ClInclude>
    <ClInclude Include="Importer\aiXForm.h">
      <Filter>Importer</Filter>
    </ClInclude>
    <ClInclude Include="Importer\AlembicImporter.h">
      <Filter>Importer</Filter>
    </ClInclude>
    <ClInclude Include="Importer\aiCamera.h">
      <Filter>Importer</Filter>
    </ClInclude>
    <ClInclude Include="Importer\aiContext.h">
      <Filter>Importer</Filter>
    </ClInclude>
    <ClInclude Include="Importer\aiObject.h">
      <Filter>Importer</Filter>
    </ClInclude>
    <ClInclude Include="Importer\aiPoints.h">
      <Filter>Importer</Filter>
    </ClInclude>
    <ClInclude Include="Importer\aiProperty.h">
      <Filter>Importer</Filter>
    </ClInclude>
    <ClInclude Include="Foundation\aiMisc.h">
      <Filter>Foundation</Filter>
    </ClInclude>
  </ItemGroup>
  <ItemGroup>
    <Filter Include="GraphicsDevice">
      <UniqueIdentifier>{a0e5e438-2063-4574-b032-d8b71c7d8d73}</UniqueIdentifier>
    </Filter>
    <Filter Include="Importer">
      <UniqueIdentifier>{c94f82d9-acb1-49f5-85b5-aed90514a514}</UniqueIdentifier>
    </Filter>
    <Filter Include="Foundation">
      <UniqueIdentifier>{4845b8b3-6627-4eb1-a91d-c170ecd9afaf}</UniqueIdentifier>
    </Filter>
  </ItemGroup>
</Project>