<?xml version="1.0" encoding="utf-8"?>
<Project ToolsVersion="4.0" xmlns="http://schemas.microsoft.com/developer/msbuild/2003">
  <ItemGroup>
    <Filter Include="AddLibraryPath">
      <UniqueIdentifier>{fd0bbf62-dc3b-4c4d-89ae-67c1fcacf090}</UniqueIdentifier>
    </Filter>
    <Filter Include="Common">
      <UniqueIdentifier>{a5f93972-487b-4a5c-8b11-e4aa49483943}</UniqueIdentifier>
    </Filter>
  </ItemGroup>
  <ItemGroup>
    <ClCompile Include="pch.cpp" />
    <ClCompile Include="AddDLLSearchPath\AddDLLSearchPath.cpp">
      <Filter>AddLibraryPath</Filter>
    </ClCompile>
    <ClCompile Include="Common\Foundation.cpp">
      <Filter>Common</Filter>
    </ClCompile>
  </ItemGroup>
  <ItemGroup>
    <ClInclude Include="pch.h" />
    <ClInclude Include="Common\Foundation.h">
      <Filter>Common</Filter>
    </ClInclude>
  </ItemGroup>
</Project>