<?xml version="1.0" encoding="utf-8"?>
<Project ToolsVersion="4.0" xmlns="http://schemas.microsoft.com/developer/msbuild/2003">
  <ItemGroup>
    <ClCompile Include="pch.cpp" />
    <ClCompile Include="PointsRandomizer\PointsRandomizer.cpp">
      <Filter>PointsRandomizer</Filter>
    </ClCompile>
    <ClCompile Include="Common.cpp" />
  </ItemGroup>
  <ItemGroup>
    <ClInclude Include="pch.h" />
    <ClInclude Include="Common.h" />
  </ItemGroup>
  <ItemGroup>
    <Filter Include="PointsRandomizer">
      <UniqueIdentifier>{b64acc0c-4ec2-4581-b0d7-b20002a91809}</UniqueIdentifier>
    </Filter>
  </ItemGroup>
</Project>