<?xml version="1.0" encoding="utf-8"?>
<Project ToolsVersion="4.0" xmlns="http://schemas.microsoft.com/developer/msbuild/2003">
  <ItemGroup>
    <ClCompile Include="Common.cpp" />
    <ClCompile Include="pch.cpp" />
    <ClCompile Include="GraphicsDevice\GraphicsDeviceOpenGL.cpp">
      <Filter>GraphicsDevice</Filter>
    </ClCompile>
    <ClCompile Include="GraphicsDevice\GraphicsDevice.cpp">
      <Filter>GraphicsDevice</Filter>
    </ClCompile>
    <ClCompile Include="GraphicsDevice\GraphicsDeviceD3D9.cpp">
      <Filter>GraphicsDevice</Filter>
    </ClCompile>
    <ClCompile Include="GraphicsDevice\GraphicsDeviceD3D11.cpp">
      <Filter>GraphicsDevice</Filter>
    </ClCompile>
    <ClCompile Include="TextureWriter\TextureWriter.cpp">
      <Filter>TextureWtiter</Filter>
    </ClCompile>
  </ItemGroup>
  <ItemGroup>
    <ClInclude Include="Common.h" />
    <ClInclude Include="pch.h" />
    <ClInclude Include="GraphicsDevice\GraphicsDevice.h">
      <Filter>GraphicsDevice</Filter>
    </ClInclude>
  </ItemGroup>
  <ItemGroup>
    <Filter Include="GraphicsDevice">
      <UniqueIdentifier>{77c41654-2a2c-48ca-8685-965d4be135d7}</UniqueIdentifier>
    </Filter>
    <Filter Include="TextureWtiter">
      <UniqueIdentifier>{8d87809a-0c33-415c-812f-629a540e4829}</UniqueIdentifier>
    </Filter>
  </ItemGroup>
</Project>